
Microsoft Visual Studio Solution File, Format Version 12.00
# Visual Studio Version 17
VisualStudioVersion = 17.6.33723.286
MinimumVisualStudioVersion = 10.0.40219.1
Project("{FAE04EC0-301F-11D3-BF4B-00C04F79EFBC}") = "DiceGame", "DiceGame\DiceGame.csproj", "{EF749415-1104-4820-933B-4F4DA93F1722}"
EndProject
Global
	GlobalSection(SolutionConfigurationPlatforms) = preSolution
		Debug|Any CPU = Debug|Any CPU
		Release|Any CPU = Release|Any CPU
	EndGlobalSection
	GlobalSection(ProjectConfigurationPlatforms) = postSolution
		{EF749415-1104-4820-933B-4F4DA93F1722}.Debug|Any CPU.ActiveCfg = Debug|Any CPU
		{EF749415-1104-4820-933B-4F4DA93F1722}.Debug|Any CPU.Build.0 = Debug|Any CPU
		{EF749415-1104-4820-933B-4F4DA93F1722}.Release|Any CPU.ActiveCfg = Release|Any CPU
		{EF749415-1104-4820-933B-4F4DA93F1722}.Release|Any CPU.Build.0 = Release|Any CPU
	EndGlobalSection
	GlobalSection(SolutionProperties) = preSolution
		HideSolutionNode = FALSE
	EndGlobalSection
	GlobalSection(ExtensibilityGlobals) = postSolution
		SolutionGuid = {87AD6240-45B4-49A7-B422-AD886D07A117}
	EndGlobalSection
EndGlobal
