
Microsoft Visual Studio Solution File, Format Version 12.00
# Visual Studio Version 17
VisualStudioVersion = 17.6.33723.286
MinimumVisualStudioVersion = 10.0.40219.1
Project("{FAE04EC0-301F-11D3-BF4B-00C04F79EFBC}") = "Minesweeper", "Minesweeper\Minesweeper.csproj", "{70974B21-6751-4EE3-A986-934AD50C19EC}"
EndProject
Global
	GlobalSection(SolutionConfigurationPlatforms) = preSolution
		Debug|Any CPU = Debug|Any CPU
		Release|Any CPU = Release|Any CPU
	EndGlobalSection
	GlobalSection(ProjectConfigurationPlatforms) = postSolution
		{70974B21-6751-4EE3-A986-934AD50C19EC}.Debug|Any CPU.ActiveCfg = Debug|Any CPU
		{70974B21-6751-4EE3-A986-934AD50C19EC}.Debug|Any CPU.Build.0 = Debug|Any CPU
		{70974B21-6751-4EE3-A986-934AD50C19EC}.Release|Any CPU.ActiveCfg = Release|Any CPU
		{70974B21-6751-4EE3-A986-934AD50C19EC}.Release|Any CPU.Build.0 = Release|Any CPU
	EndGlobalSection
	GlobalSection(SolutionProperties) = preSolution
		HideSolutionNode = FALSE
	EndGlobalSection
	GlobalSection(ExtensibilityGlobals) = postSolution
		SolutionGuid = {7F0FF050-A24A-401D-B534-0FE807B553E6}
	EndGlobalSection
EndGlobal
