
Microsoft Visual Studio Solution File, Format Version 12.00
# Visual Studio Version 17
VisualStudioVersion = 17.6.33723.286
MinimumVisualStudioVersion = 10.0.40219.1
Project("{FAE04EC0-301F-11D3-BF4B-00C04F79EFBC}") = "Horse_racing", "Horse_racing\Horse_racing.csproj", "{03E603C8-7322-42B3-A7B6-BE2F0EFDDDBA}"
EndProject
Global
	GlobalSection(SolutionConfigurationPlatforms) = preSolution
		Debug|Any CPU = Debug|Any CPU
		Release|Any CPU = Release|Any CPU
	EndGlobalSection
	GlobalSection(ProjectConfigurationPlatforms) = postSolution
		{03E603C8-7322-42B3-A7B6-BE2F0EFDDDBA}.Debug|Any CPU.ActiveCfg = Debug|Any CPU
		{03E603C8-7322-42B3-A7B6-BE2F0EFDDDBA}.Debug|Any CPU.Build.0 = Debug|Any CPU
		{03E603C8-7322-42B3-A7B6-BE2F0EFDDDBA}.Release|Any CPU.ActiveCfg = Release|Any CPU
		{03E603C8-7322-42B3-A7B6-BE2F0EFDDDBA}.Release|Any CPU.Build.0 = Release|Any CPU
	EndGlobalSection
	GlobalSection(SolutionProperties) = preSolution
		HideSolutionNode = FALSE
	EndGlobalSection
	GlobalSection(ExtensibilityGlobals) = postSolution
		SolutionGuid = {2B3AA43B-D3C7-475D-95D7-3C713401BB04}
	EndGlobalSection
EndGlobal
