
Microsoft Visual Studio Solution File, Format Version 12.00
# Visual Studio Version 17
VisualStudioVersion = 17.6.33723.286
MinimumVisualStudioVersion = 10.0.40219.1
Project("{FAE04EC0-301F-11D3-BF4B-00C04F79EFBC}") = "Horse_racing", "Horse_racing\Horse_racing.csproj", "{6E29A058-8866-4908-BC42-FFEF73A652BC}"
EndProject
Global
	GlobalSection(SolutionConfigurationPlatforms) = preSolution
		Debug|Any CPU = Debug|Any CPU
		Release|Any CPU = Release|Any CPU
	EndGlobalSection
	GlobalSection(ProjectConfigurationPlatforms) = postSolution
		{6E29A058-8866-4908-BC42-FFEF73A652BC}.Debug|Any CPU.ActiveCfg = Debug|Any CPU
		{6E29A058-8866-4908-BC42-FFEF73A652BC}.Debug|Any CPU.Build.0 = Debug|Any CPU
		{6E29A058-8866-4908-BC42-FFEF73A652BC}.Release|Any CPU.ActiveCfg = Release|Any CPU
		{6E29A058-8866-4908-BC42-FFEF73A652BC}.Release|Any CPU.Build.0 = Release|Any CPU
	EndGlobalSection
	GlobalSection(SolutionProperties) = preSolution
		HideSolutionNode = FALSE
	EndGlobalSection
	GlobalSection(ExtensibilityGlobals) = postSolution
		SolutionGuid = {5174DEB2-D0B8-4548-AD71-318ED593C4FD}
	EndGlobalSection
EndGlobal
